
Microsoft Visual Studio Solution File, Format Version 12.00
# Visual Studio 15
VisualStudioVersion = 15.0.28307.1300
MinimumVisualStudioVersion = 10.0.40219.1
Project("{FAE04EC0-301F-11D3-BF4B-00C04F79EFBC}") = "WebHook", "WebHook\WebHook.csproj", "{6C42A628-1505-4196-B4AB-576376D613A7}"
EndProject
Global
	GlobalSection(SolutionConfigurationPlatforms) = preSolution
		Debug|Any CPU = Debug|Any CPU
		Release|Any CPU = Release|Any CPU
	EndGlobalSection
	GlobalSection(ProjectConfigurationPlatforms) = postSolution
		{6C42A628-1505-4196-B4AB-576376D613A7}.Debug|Any CPU.ActiveCfg = Debug|Any CPU
		{6C42A628-1505-4196-B4AB-576376D613A7}.Debug|Any CPU.Build.0 = Debug|Any CPU
		{6C42A628-1505-4196-B4AB-576376D613A7}.Release|Any CPU.ActiveCfg = Release|Any CPU
		{6C42A628-1505-4196-B4AB-576376D613A7}.Release|Any CPU.Build.0 = Release|Any CPU
	EndGlobalSection
	GlobalSection(SolutionProperties) = preSolution
		HideSolutionNode = FALSE
	EndGlobalSection
	GlobalSection(ExtensibilityGlobals) = postSolution
		SolutionGuid = {FAD0C732-D9D5-4DC7-82A4-B4975F1D7A9C}
	EndGlobalSection
EndGlobal
